// !$*UTF8*$!
{
	archiveVersion = 1;
	classes = {
	};
	objectVersion = 56;
	objects = {

/* Begin PBXBuildFile section */
		CE7694F32B0B932D00C4557C /* MyNotesApp.swift in Sources */ = {isa = PBXBuildFile; fileRef = CE7694F22B0B932D00C4557C /* MyNotesApp.swift */; };
		CE7694F52B0B932D00C4557C /* ContentView.swift in Sources */ = {isa = PBXBuildFile; fileRef = CE7694F42B0B932D00C4557C /* ContentView.swift */; };
		CE7694F72B0B932F00C4557C /* Assets.xcassets in Resources */ = {isa = PBXBuildFile; fileRef = CE7694F62B0B932F00C4557C /* Assets.xcassets */; };
		CE7694FA2B0B932F00C4557C /* Preview Assets.xcassets in Resources */ = {isa = PBXBuildFile; fileRef = CE7694F92B0B932F00C4557C /* Preview Assets.xcassets */; };
		CE7695012B0B93E400C4557C /* Note.swift in Sources */ = {isa = PBXBuildFile; fileRef = CE7695002B0B93E400C4557C /* Note.swift */; };
		CE7695032B0B977600C4557C /* NotesManager.swift in Sources */ = {isa = PBXBuildFile; fileRef = CE7695022B0B977600C4557C /* NotesManager.swift */; };
		CE7695052B0BA5B900C4557C /* NewNoteFormView.swift in Sources */ = {isa = PBXBuildFile; fileRef = CE7695042B0BA5B900C4557C /* NewNoteFormView.swift */; };
		CE7695072B0BA64000C4557C /* NoteDetailView.swift in Sources */ = {isa = PBXBuildFile; fileRef = CE7695062B0BA64000C4557C /* NoteDetailView.swift */; };
/* End PBXBuildFile section */

/* Begin PBXFileReference section */
		CE7694EF2B0B932D00C4557C /* MyNotes.app */ = {isa = PBXFileReference; explicitFileType = wrapper.application; includeInIndex = 0; path = MyNotes.app; sourceTree = BUILT_PRODUCTS_DIR; };
		CE7694F22B0B932D00C4557C /* MyNotesApp.swift */ = {isa = PBXFileReference; lastKnownFileType = sourcecode.swift; path = MyNotesApp.swift; sourceTree = "<group>"; };
		CE7694F42B0B932D00C4557C /* ContentView.swift */ = {isa = PBXFileReference; lastKnownFileType = sourcecode.swift; path = ContentView.swift; sourceTree = "<group>"; };
		CE7694F62B0B932F00C4557C /* Assets.xcassets */ = {isa = PBXFileReference; lastKnownFileType = folder.assetcatalog; path = Assets.xcassets; sourceTree = "<group>"; };
		CE7694F92B0B932F00C4557C /* Preview Assets.xcassets */ = {isa = PBXFileReference; lastKnownFileType = folder.assetcatalog; path = "Preview Assets.xcassets"; sourceTree = "<group>"; };
		CE7695002B0B93E400C4557C /* Note.swift */ = {isa = PBXFileReference; lastKnownFileType = sourcecode.swift; path = Note.swift; sourceTree = "<group>"; };
		CE7695022B0B977600C4557C /* NotesManager.swift */ = {isa = PBXFileReference; lastKnownFileType = sourcecode.swift; path = NotesManager.swift; sourceTree = "<group>"; };
		CE7695042B0BA5B900C4557C /* NewNoteFormView.swift */ = {isa = PBXFileReference; lastKnownFileType = sourcecode.swift; path = NewNoteFormView.swift; sourceTree = "<group>"; };
		CE7695062B0BA64000C4557C /* NoteDetailView.swift */ = {isa = PBXFileReference; lastKnownFileType = sourcecode.swift; path = NoteDetailView.swift; sourceTree = "<group>"; };
/* End PBXFileReference section */

/* Begin PBXFrameworksBuildPhase section */
		CE7694EC2B0B932D00C4557C /* Frameworks */ = {
			isa = PBXFrameworksBuildPhase;
			buildActionMask = 2147483647;
			files = (
			);
			runOnlyForDeploymentPostprocessing = 0;
		};
/* End PBXFrameworksBuildPhase section */

/* Begin PBXGroup section */
		CE7694E62B0B932D00C4557C = {
			isa = PBXGroup;
			children = (
				CE7694F12B0B932D00C4557C /* MyNotes */,
				CE7694F02B0B932D00C4557C /* Products */,
			);
			sourceTree = "<group>";
		};
		CE7694F02B0B932D00C4557C /* Products */ = {
			isa = PBXGroup;
			children = (
				CE7694EF2B0B932D00C4557C /* MyNotes.app */,
			);
			name = Products;
			sourceTree = "<group>";
		};
		CE7694F12B0B932D00C4557C /* MyNotes */ = {
			isa = PBXGroup;
			children = (
				CE7694F22B0B932D00C4557C /* MyNotesApp.swift */,
				CE7694F42B0B932D00C4557C /* ContentView.swift */,
				CE7695042B0BA5B900C4557C /* NewNoteFormView.swift */,
				CE7695062B0BA64000C4557C /* NoteDetailView.swift */,
				CE7695002B0B93E400C4557C /* Note.swift */,
				CE7695022B0B977600C4557C /* NotesManager.swift */,
				CE7694F62B0B932F00C4557C /* Assets.xcassets */,
				CE7694F82B0B932F00C4557C /* Preview Content */,
			);
			path = MyNotes;
			sourceTree = "<group>";
		};
		CE7694F82B0B932F00C4557C /* Preview Content */ = {
			isa = PBXGroup;
			children = (
				CE7694F92B0B932F00C4557C /* Preview Assets.xcassets */,
			);
			path = "Preview Content";
			sourceTree = "<group>";
		};
/* End PBXGroup section */

/* Begin PBXNativeTarget section */
		CE7694EE2B0B932D00C4557C /* MyNotes */ = {
			isa = PBXNativeTarget;
			buildConfigurationList = CE7694FD2B0B932F00C4557C /* Build configuration list for PBXNativeTarget "MyNotes" */;
			buildPhases = (
				CE7694EB2B0B932D00C4557C /* Sources */,
				CE7694EC2B0B932D00C4557C /* Frameworks */,
				CE7694ED2B0B932D00C4557C /* Resources */,
			);
			buildRules = (
			);
			dependencies = (
			);
			name = MyNotes;
			productName = MyNotes;
			productReference = CE7694EF2B0B932D00C4557C /* MyNotes.app */;
			productType = "com.apple.product-type.application";
		};
/* End PBXNativeTarget section */

/* Begin PBXProject section */
		CE7694E72B0B932D00C4557C /* Project object */ = {
			isa = PBXProject;
			attributes = {
				BuildIndependentTargetsInParallel = 1;
				LastSwiftUpdateCheck = 1500;
				LastUpgradeCheck = 1500;
				TargetAttributes = {
					CE7694EE2B0B932D00C4557C = {
						CreatedOnToolsVersion = 15.0.1;
					};
				};
			};
			buildConfigurationList = CE7694EA2B0B932D00C4557C /* Build configuration list for PBXProject "MyNotes" */;
			compatibilityVersion = "Xcode 14.0";
			developmentRegion = en;
			hasScannedForEncodings = 0;
			knownRegions = (
				en,
				Base,
			);
			mainGroup = CE7694E62B0B932D00C4557C;
			productRefGroup = CE7694F02B0B932D00C4557C /* Products */;
			projectDirPath = "";
			projectRoot = "";
			targets = (
				CE7694EE2B0B932D00C4557C /* MyNotes */,
			);
		};
/* End PBXProject section */

/* Begin PBXResourcesBuildPhase section */
		CE7694ED2B0B932D00C4557C /* Resources */ = {
			isa = PBXResourcesBuildPhase;
			buildActionMask = 2147483647;
			files = (
				CE7694FA2B0B932F00C4557C /* Preview Assets.xcassets in Resources */,
				CE7694F72B0B932F00C4557C /* Assets.xcassets in Resources */,
			);
			runOnlyForDeploymentPostprocessing = 0;
		};
/* End PBXResourcesBuildPhase section */

/* Begin PBXSourcesBuildPhase section */
		CE7694EB2B0B932D00C4557C /* Sources */ = {
			isa = PBXSourcesBuildPhase;
			buildActionMask = 2147483647;
			files = (
				CE7694F52B0B932D00C4557C /* ContentView.swift in Sources */,
				CE7695052B0BA5B900C4557C /* NewNoteFormView.swift in Sources */,
				CE7695032B0B977600C4557C /* NotesManager.swift in Sources */,
				CE7695072B0BA64000C4557C /* NoteDetailView.swift in Sources */,
				CE7694F32B0B932D00C4557C /* MyNotesApp.swift in Sources */,
				CE7695012B0B93E400C4557C /* Note.swift in Sources */,
			);
			runOnlyForDeploymentPostprocessing = 0;
		};
/* End PBXSourcesBuildPhase section */

/* Begin XCBuildConfiguration section */
		CE7694FB2B0B932F00C4557C /* Debug */ = {
			isa = XCBuildConfiguration;
			buildSettings = {
				ALWAYS_SEARCH_USER_PATHS = NO;
				ASSETCATALOG_COMPILER_GENERATE_SWIFT_ASSET_SYMBOL_EXTENSIONS = YES;
				CLANG_ANALYZER_NONNULL = YES;
				CLANG_ANALYZER_NUMBER_OBJECT_CONVERSION = YES_AGGRESSIVE;
				CLANG_CXX_LANGUAGE_STANDARD = "gnu++20";
				CLANG_ENABLE_MODULES = YES;
				CLANG_ENABLE_OBJC_ARC = YES;
				CLANG_ENABLE_OBJC_WEAK = YES;
				CLANG_WARN_BLOCK_CAPTURE_AUTORELEASING = YES;
				CLANG_WARN_BOOL_CONVERSION = YES;
				CLANG_WARN_COMMA = YES;
				CLANG_WARN_CONSTANT_CONVERSION = YES;
				CLANG_WARN_DEPRECATED_OBJC_IMPLEMENTATIONS = YES;
				CLANG_WARN_DIRECT_OBJC_ISA_USAGE = YES_ERROR;
				CLANG_WARN_DOCUMENTATION_COMMENTS = YES;
				CLANG_WARN_EMPTY_BODY = YES;
				CLANG_WARN_ENUM_CONVERSION = YES;
				CLANG_WARN_INFINITE_RECURSION = YES;
				CLANG_WARN_INT_CONVERSION = YES;
				CLANG_WARN_NON_LITERAL_NULL_CONVERSION = YES;
				CLANG_WARN_OBJC_IMPLICIT_RETAIN_SELF = YES;
				CLANG_WARN_OBJC_LITERAL_CONVERSION = YES;
				CLANG_WARN_OBJC_ROOT_CLASS = YES_ERROR;
				CLANG_WARN_QUOTED_INCLUDE_IN_FRAMEWORK_HEADER = YES;
				CLANG_WARN_RANGE_LOOP_ANALYSIS = YES;
				CLANG_WARN_STRICT_PROTOTYPES = YES;
				CLANG_WARN_SUSPICIOUS_MOVE = YES;
				CLANG_WARN_UNGUARDED_AVAILABILITY = YES_AGGRESSIVE;
				CLANG_WARN_UNREACHABLE_CODE = YES;
				CLANG_WARN__DUPLICATE_METHOD_MATCH = YES;
				COPY_PHASE_STRIP = NO;
				DEBUG_INFORMATION_FORMAT = dwarf;
				ENABLE_STRICT_OBJC_MSGSEND = YES;
				ENABLE_TESTABILITY = YES;
				ENABLE_USER_SCRIPT_SANDBOXING = YES;
				GCC_C_LANGUAGE_STANDARD = gnu17;
				GCC_DYNAMIC_NO_PIC = NO;
				GCC_NO_COMMON_BLOCKS = YES;
				GCC_OPTIMIZATION_LEVEL = 0;
				GCC_PREPROCESSOR_DEFINITIONS = (
					"DEBUG=1",
					"$(inherited)",
				);
				GCC_WARN_64_TO_32_BIT_CONVERSION = YES;
				GCC_WARN_ABOUT_RETURN_TYPE = YES_ERROR;
				GCC_WARN_UNDECLARED_SELECTOR = YES;
				GCC_WARN_UNINITIALIZED_AUTOS = YES_AGGRESSIVE;
				GCC_WARN_UNUSED_FUNCTION = YES;
				GCC_WARN_UNUSED_VARIABLE = YES;
				IPHONEOS_DEPLOYMENT_TARGET = 17.0;
				LOCALIZATION_PREFERS_STRING_CATALOGS = YES;
				MTL_ENABLE_DEBUG_INFO = INCLUDE_SOURCE;
				MTL_FAST_MATH = YES;
				ONLY_ACTIVE_ARCH = YES;
				SDKROOT = iphoneos;
				SWIFT_ACTIVE_COMPILATION_CONDITIONS = "DEBUG $(inherited)";
				SWIFT_OPTIMIZATION_LEVEL = "-Onone";
			};
			name = Debug;
		};
		CE7694FC2B0B932F00C4557C /* Release */ = {
			isa = XCBuildConfiguration;
			buildSettings = {
				ALWAYS_SEARCH_USER_PATHS = NO;
				ASSETCATALOG_COMPILER_GENERATE_SWIFT_ASSET_SYMBOL_EXTENSIONS = YES;
				CLANG_ANALYZER_NONNULL = YES;
				CLANG_ANALYZER_NUMBER_OBJECT_CONVERSION = YES_AGGRESSIVE;
				CLANG_CXX_LANGUAGE_STANDARD = "gnu++20";
				CLANG_ENABLE_MODULES = YES;
				CLANG_ENABLE_OBJC_ARC = YES;
				CLANG_ENABLE_OBJC_WEAK = YES;
				CLANG_WARN_BLOCK_CAPTURE_AUTORELEASING = YES;
				CLANG_WARN_BOOL_CONVERSION = YES;
				CLANG_WARN_COMMA = YES;
				CLANG_WARN_CONSTANT_CONVERSION = YES;
				CLANG_WARN_DEPRECATED_OBJC_IMPLEMENTATIONS = YES;
				CLANG_WARN_DIRECT_OBJC_ISA_USAGE = YES_ERROR;
				CLANG_WARN_DOCUMENTATION_COMMENTS = YES;
				CLANG_WARN_EMPTY_BODY = YES;
				CLANG_WARN_ENUM_CONVERSION = YES;
				CLANG_WARN_INFINITE_RECURSION = YES;
				CLANG_WARN_INT_CONVERSION = YES;
				CLANG_WARN_NON_LITERAL_NULL_CONVERSION = YES;
				CLANG_WARN_OBJC_IMPLICIT_RETAIN_SELF = YES;
				CLANG_WARN_OBJC_LITERAL_CONVERSION = YES;
				CLANG_WARN_OBJC_ROOT_CLASS = YES_ERROR;
				CLANG_WARN_QUOTED_INCLUDE_IN_FRAMEWORK_HEADER = YES;
				CLANG_WARN_RANGE_LOOP_ANALYSIS = YES;
				CLANG_WARN_STRICT_PROTOTYPES = YES;
				CLANG_WARN_SUSPICIOUS_MOVE = YES;
				CLANG_WARN_UNGUARDED_AVAILABILITY = YES_AGGRESSIVE;
				CLANG_WARN_UNREACHABLE_CODE = YES;
				CLANG_WARN__DUPLICATE_METHOD_MATCH = YES;
				COPY_PHASE_STRIP = NO;
				DEBUG_INFORMATION_FORMAT = "dwarf-with-dsym";
				ENABLE_NS_ASSERTIONS = NO;
				ENABLE_STRICT_OBJC_MSGSEND = YES;
				ENABLE_USER_SCRIPT_SANDBOXING = YES;
				GCC_C_LANGUAGE_STANDARD = gnu17;
				GCC_NO_COMMON_BLOCKS = YES;
				GCC_WARN_64_TO_32_BIT_CONVERSION = YES;
				GCC_WARN_ABOUT_RETURN_TYPE = YES_ERROR;
				GCC_WARN_UNDECLARED_SELECTOR = YES;
				GCC_WARN_UNINITIALIZED_AUTOS = YES_AGGRESSIVE;
				GCC_WARN_UNUSED_FUNCTION = YES;
				GCC_WARN_UNUSED_VARIABLE = YES;
				IPHONEOS_DEPLOYMENT_TARGET = 17.0;
				LOCALIZATION_PREFERS_STRING_CATALOGS = YES;
				MTL_ENABLE_DEBUG_INFO = NO;
				MTL_FAST_MATH = YES;
				SDKROOT = iphoneos;
				SWIFT_COMPILATION_MODE = wholemodule;
				VALIDATE_PRODUCT = YES;
			};
			name = Release;
		};
		CE7694FE2B0B932F00C4557C /* Debug */ = {
			isa = XCBuildConfiguration;
			buildSettings = {
				ASSETCATALOG_COMPILER_APPICON_NAME = AppIcon;
				ASSETCATALOG_COMPILER_GLOBAL_ACCENT_COLOR_NAME = AccentColor;
				CODE_SIGN_STYLE = Automatic;
				CURRENT_PROJECT_VERSION = 1;
				DEVELOPMENT_ASSET_PATHS = "\"MyNotes/Preview Content\"";
				DEVELOPMENT_TEAM = 56A7RU2L35;
				ENABLE_PREVIEWS = YES;
				GENERATE_INFOPLIST_FILE = YES;
				INFOPLIST_KEY_UIApplicationSceneManifest_Generation = YES;
				INFOPLIST_KEY_UIApplicationSupportsIndirectInputEvents = YES;
				INFOPLIST_KEY_UILaunchScreen_Generation = YES;
				INFOPLIST_KEY_UISupportedInterfaceOrientations_iPad = "UIInterfaceOrientationPortrait UIInterfaceOrientationPortraitUpsideDown UIInterfaceOrientationLandscapeLeft UIInterfaceOrientationLandscapeRight";
				INFOPLIST_KEY_UISupportedInterfaceOrientations_iPhone = "UIInterfaceOrientationPortrait UIInterfaceOrientationLandscapeLeft UIInterfaceOrientationLandscapeRight";
				LD_RUNPATH_SEARCH_PATHS = (
					"$(inherited)",
					"@executable_path/Frameworks",
				);
				MARKETING_VERSION = 1.0;
				PRODUCT_BUNDLE_IDENTIFIER = com.hmoo.MyNotes;
				PRODUCT_NAME = "$(TARGET_NAME)";
				SWIFT_EMIT_LOC_STRINGS = YES;
				SWIFT_VERSION = 5.0;
				TARGETED_DEVICE_FAMILY = "1,2";
			};
			name = Debug;
		};
		CE7694FF2B0B932F00C4557C /* Release */ = {
			isa = XCBuildConfiguration;
			buildSettings = {
				ASSETCATALOG_COMPILER_APPICON_NAME = AppIcon;
				ASSETCATALOG_COMPILER_GLOBAL_ACCENT_COLOR_NAME = AccentColor;
				CODE_SIGN_STYLE = Automatic;
				CURRENT_PROJECT_VERSION = 1;
				DEVELOPMENT_ASSET_PATHS = "\"MyNotes/Preview Content\"";
				DEVELOPMENT_TEAM = 56A7RU2L35;
				ENABLE_PREVIEWS = YES;
				GENERATE_INFOPLIST_FILE = YES;
				INFOPLIST_KEY_UIApplicationSceneManifest_Generation = YES;
				INFOPLIST_KEY_UIApplicationSupportsIndirectInputEvents = YES;
				INFOPLIST_KEY_UILaunchScreen_Generation = YES;
				INFOPLIST_KEY_UISupportedInterfaceOrientations_iPad = "UIInterfaceOrientationPortrait UIInterfaceOrientationPortraitUpsideDown UIInterfaceOrientationLandscapeLeft UIInterfaceOrientationLandscapeRight";
				INFOPLIST_KEY_UISupportedInterfaceOrientations_iPhone = "UIInterfaceOrientationPortrait UIInterfaceOrientationLandscapeLeft UIInterfaceOrientationLandscapeRight";
				LD_RUNPATH_SEARCH_PATHS = (
					"$(inherited)",
					"@executable_path/Frameworks",
				);
				MARKETING_VERSION = 1.0;
				PRODUCT_BUNDLE_IDENTIFIER = com.hmoo.MyNotes;
				PRODUCT_NAME = "$(TARGET_NAME)";
				SWIFT_EMIT_LOC_STRINGS = YES;
				SWIFT_VERSION = 5.0;
				TARGETED_DEVICE_FAMILY = "1,2";
			};
			name = Release;
		};
/* End XCBuildConfiguration section */

/* Begin XCConfigurationList section */
		CE7694EA2B0B932D00C4557C /* Build configuration list for PBXProject "MyNotes" */ = {
			isa = XCConfigurationList;
			buildConfigurations = (
				CE7694FB2B0B932F00C4557C /* Debug */,
				CE7694FC2B0B932F00C4557C /* Release */,
			);
			defaultConfigurationIsVisible = 0;
			defaultConfigurationName = Release;
		};
		CE7694FD2B0B932F00C4557C /* Build configuration list for PBXNativeTarget "MyNotes" */ = {
			isa = XCConfigurationList;
			buildConfigurations = (
				CE7694FE2B0B932F00C4557C /* Debug */,
				CE7694FF2B0B932F00C4557C /* Release */,
			);
			defaultConfigurationIsVisible = 0;
			defaultConfigurationName = Release;
		};
/* End XCConfigurationList section */
	};
	rootObject = CE7694E72B0B932D00C4557C /* Project object */;
}
